
Microsoft Visual Studio Solution File, Format Version 12.00
# Visual Studio 15
Project("{FAE04EC0-301F-11D3-BF4B-00C04F79EFBC}") = "FMODUnity", "FMODUnity.csproj", "{BF36E9B9-8A49-E44F-EF13-3B1F44E4A777}"
EndProject
Project("{FAE04EC0-301F-11D3-BF4B-00C04F79EFBC}") = "Assembly-CSharp", "Assembly-CSharp.csproj", "{B7613A8A-F154-7365-3F51-E842BAA11751}"
EndProject
Project("{FAE04EC0-301F-11D3-BF4B-00C04F79EFBC}") = "FMODUnityResonance", "FMODUnityResonance.csproj", "{1A72CDFA-6E42-0118-08AC-1F1D283098BB}"
EndProject
Project("{FAE04EC0-301F-11D3-BF4B-00C04F79EFBC}") = "FMODUnityEditor", "FMODUnityEditor.csproj", "{A82C28E5-BD89-77C0-BB20-132768784666}"
EndProject
Project("{FAE04EC0-301F-11D3-BF4B-00C04F79EFBC}") = "Assembly-CSharp-Editor", "Assembly-CSharp-Editor.csproj", "{3A179346-F0C1-3004-A2DC-A4F359F3F1ED}"
EndProject
Project("{FAE04EC0-301F-11D3-BF4B-00C04F79EFBC}") = "FMODUnityResonanceEditor", "FMODUnityResonanceEditor.csproj", "{5921AD47-CE70-F568-5297-AC5C295835A6}"
EndProject
Global
	GlobalSection(SolutionConfigurationPlatforms) = preSolution
		Debug|Any CPU = Debug|Any CPU
		Release|Any CPU = Release|Any CPU
	EndGlobalSection
	GlobalSection(ProjectConfigurationPlatforms) = postSolution
		{BF36E9B9-8A49-E44F-EF13-3B1F44E4A777}.Debug|Any CPU.ActiveCfg = Debug|Any CPU
		{BF36E9B9-8A49-E44F-EF13-3B1F44E4A777}.Debug|Any CPU.Build.0 = Debug|Any CPU
		{BF36E9B9-8A49-E44F-EF13-3B1F44E4A777}.Release|Any CPU.ActiveCfg = Release|Any CPU
		{BF36E9B9-8A49-E44F-EF13-3B1F44E4A777}.Release|Any CPU.Build.0 = Release|Any CPU
		{B7613A8A-F154-7365-3F51-E842BAA11751}.Debug|Any CPU.ActiveCfg = Debug|Any CPU
		{B7613A8A-F154-7365-3F51-E842BAA11751}.Debug|Any CPU.Build.0 = Debug|Any CPU
		{B7613A8A-F154-7365-3F51-E842BAA11751}.Release|Any CPU.ActiveCfg = Release|Any CPU
		{B7613A8A-F154-7365-3F51-E842BAA11751}.Release|Any CPU.Build.0 = Release|Any CPU
		{1A72CDFA-6E42-0118-08AC-1F1D283098BB}.Debug|Any CPU.ActiveCfg = Debug|Any CPU
		{1A72CDFA-6E42-0118-08AC-1F1D283098BB}.Debug|Any CPU.Build.0 = Debug|Any CPU
		{1A72CDFA-6E42-0118-08AC-1F1D283098BB}.Release|Any CPU.ActiveCfg = Release|Any CPU
		{1A72CDFA-6E42-0118-08AC-1F1D283098BB}.Release|Any CPU.Build.0 = Release|Any CPU
		{A82C28E5-BD89-77C0-BB20-132768784666}.Debug|Any CPU.ActiveCfg = Debug|Any CPU
		{A82C28E5-BD89-77C0-BB20-132768784666}.Debug|Any CPU.Build.0 = Debug|Any CPU
		{A82C28E5-BD89-77C0-BB20-132768784666}.Release|Any CPU.ActiveCfg = Release|Any CPU
		{A82C28E5-BD89-77C0-BB20-132768784666}.Release|Any CPU.Build.0 = Release|Any CPU
		{3A179346-F0C1-3004-A2DC-A4F359F3F1ED}.Debug|Any CPU.ActiveCfg = Debug|Any CPU
		{3A179346-F0C1-3004-A2DC-A4F359F3F1ED}.Debug|Any CPU.Build.0 = Debug|Any CPU
		{3A179346-F0C1-3004-A2DC-A4F359F3F1ED}.Release|Any CPU.ActiveCfg = Release|Any CPU
		{3A179346-F0C1-3004-A2DC-A4F359F3F1ED}.Release|Any CPU.Build.0 = Release|Any CPU
		{5921AD47-CE70-F568-5297-AC5C295835A6}.Debug|Any CPU.ActiveCfg = Debug|Any CPU
		{5921AD47-CE70-F568-5297-AC5C295835A6}.Debug|Any CPU.Build.0 = Debug|Any CPU
		{5921AD47-CE70-F568-5297-AC5C295835A6}.Release|Any CPU.ActiveCfg = Release|Any CPU
		{5921AD47-CE70-F568-5297-AC5C295835A6}.Release|Any CPU.Build.0 = Release|Any CPU
	EndGlobalSection
	GlobalSection(SolutionProperties) = preSolution
		HideSolutionNode = FALSE
	EndGlobalSection
EndGlobal
